// !$*UTF8*$!
{
	archiveVersion = 1;
	classes = {
	};
	objectVersion = 46;
	objects = {

/* Begin PBXBuildFile section */
		60D37B7B3D025D952318957B /* libPods-MCKillSwitchExampleTests.a in Frameworks */ = {isa = PBXBuildFile; fileRef = CA957D9594E3E18F1D283633 /* libPods-MCKillSwitchExampleTests.a */; };
		96D92E8961446CE150F9DA10 /* libPods.a in Frameworks */ = {isa = PBXBuildFile; fileRef = 88A736F8BCEA99C1EEE64DDD /* libPods.a */; };
		A60B9A6D1A76D80800C1C9CE /* main.m in Sources */ = {isa = PBXBuildFile; fileRef = A60B9A6C1A76D80800C1C9CE /* main.m */; };
		A60B9A701A76D80800C1C9CE /* AppDelegate.m in Sources */ = {isa = PBXBuildFile; fileRef = A60B9A6F1A76D80800C1C9CE /* AppDelegate.m */; };
		A60B9A781A76D80800C1C9CE /* Images.xcassets in Resources */ = {isa = PBXBuildFile; fileRef = A60B9A771A76D80800C1C9CE /* Images.xcassets */; };
		A60B9AA51A76D95800C1C9CE /* MCKillSwitchExampleRootView.m in Sources */ = {isa = PBXBuildFile; fileRef = A60B9A921A76D95800C1C9CE /* MCKillSwitchExampleRootView.m */; };
		A60B9AA61A76D95800C1C9CE /* MCKillSwitchExampleRootViewController.m in Sources */ = {isa = PBXBuildFile; fileRef = A60B9A941A76D95800C1C9CE /* MCKillSwitchExampleRootViewController.m */; };
		A60B9AA71A76D95800C1C9CE /* MCMockKillSwitchAPIAlert.m in Sources */ = {isa = PBXBuildFile; fileRef = A60B9A961A76D95800C1C9CE /* MCMockKillSwitchAPIAlert.m */; };
		A60B9AA81A76D95800C1C9CE /* MCMockKillSwitchAPIDisk.m in Sources */ = {isa = PBXBuildFile; fileRef = A60B9A981A76D95800C1C9CE /* MCMockKillSwitchAPIDisk.m */; };
		A60B9AA91A76D95800C1C9CE /* MCMockKillSwitchAPIKill.m in Sources */ = {isa = PBXBuildFile; fileRef = A60B9A9A1A76D95800C1C9CE /* MCMockKillSwitchAPIKill.m */; };
		A60B9AAA1A76D95800C1C9CE /* MCMockKillSwitchAPINoInternet.m in Sources */ = {isa = PBXBuildFile; fileRef = A60B9A9C1A76D95800C1C9CE /* MCMockKillSwitchAPINoInternet.m */; };
		A60B9AAB1A76D95800C1C9CE /* MCMockKillSwitchAPIOK.m in Sources */ = {isa = PBXBuildFile; fileRef = A60B9A9E1A76D95800C1C9CE /* MCMockKillSwitchAPIOK.m */; };
		A60B9AAC1A76D95800C1C9CE /* 1.0.0.json in Resources */ = {isa = PBXBuildFile; fileRef = A60B9AA01A76D95800C1C9CE /* 1.0.0.json */; };
		A60B9AAD1A76D95800C1C9CE /* action_alert.json in Resources */ = {isa = PBXBuildFile; fileRef = A60B9AA11A76D95800C1C9CE /* action_alert.json */; };
		A60B9AAE1A76D95800C1C9CE /* action_kill.json in Resources */ = {isa = PBXBuildFile; fileRef = A60B9AA21A76D95800C1C9CE /* action_kill.json */; };
		A60B9AAF1A76D95800C1C9CE /* action_ok.json in Resources */ = {isa = PBXBuildFile; fileRef = A60B9AA31A76D95800C1C9CE /* action_ok.json */; };
		A60B9AB91A76DB1A00C1C9CE /* Default-568h@2x.png in Resources */ = {isa = PBXBuildFile; fileRef = A60B9AB81A76DB1A00C1C9CE /* Default-568h@2x.png */; };
		A60B9ABF1A76DB8D00C1C9CE /* Localizable.strings in Resources */ = {isa = PBXBuildFile; fileRef = A60B9ABE1A76DB8D00C1C9CE /* Localizable.strings */; };
		A60B9AC51A76DCB700C1C9CE /* MCKillSwitchExampleTests.m in Sources */ = {isa = PBXBuildFile; fileRef = A60B9AC41A76DCB700C1C9CE /* MCKillSwitchExampleTests.m */; };
		E7053704D8D1FB5D830D525D /* libPods-MCKillSwitchExample.a in Frameworks */ = {isa = PBXBuildFile; fileRef = D603C506C6BE3E29813F86E8 /* libPods-MCKillSwitchExample.a */; };
/* End PBXBuildFile section */

/* Begin PBXContainerItemProxy section */
		A60B9A811A76D80800C1C9CE /* PBXContainerItemProxy */ = {
			isa = PBXContainerItemProxy;
			containerPortal = A60B9A5F1A76D80800C1C9CE /* Project object */;
			proxyType = 1;
			remoteGlobalIDString = A60B9A661A76D80800C1C9CE;
			remoteInfo = MCKillSwitchExample;
		};
/* End PBXContainerItemProxy section */

/* Begin PBXFileReference section */
		41D882C9EFFD6970B33984A2 /* Pods-MCKillSwitchExampleTests.release.xcconfig */ = {isa = PBXFileReference; includeInIndex = 1; lastKnownFileType = text.xcconfig; name = "Pods-MCKillSwitchExampleTests.release.xcconfig"; path = "Pods/Target Support Files/Pods-MCKillSwitchExampleTests/Pods-MCKillSwitchExampleTests.release.xcconfig"; sourceTree = "<group>"; };
		88A736F8BCEA99C1EEE64DDD /* libPods.a */ = {isa = PBXFileReference; explicitFileType = archive.ar; includeInIndex = 0; path = libPods.a; sourceTree = BUILT_PRODUCTS_DIR; };
		9C6494224CFEF9637ED575FF /* Pods-MCKillSwitchExampleTests.debug.xcconfig */ = {isa = PBXFileReference; includeInIndex = 1; lastKnownFileType = text.xcconfig; name = "Pods-MCKillSwitchExampleTests.debug.xcconfig"; path = "Pods/Target Support Files/Pods-MCKillSwitchExampleTests/Pods-MCKillSwitchExampleTests.debug.xcconfig"; sourceTree = "<group>"; };
		A60B9A671A76D80800C1C9CE /* MCKillSwitchExample.app */ = {isa = PBXFileReference; explicitFileType = wrapper.application; includeInIndex = 0; path = MCKillSwitchExample.app; sourceTree = BUILT_PRODUCTS_DIR; };
		A60B9A6C1A76D80800C1C9CE /* main.m */ = {isa = PBXFileReference; lastKnownFileType = sourcecode.c.objc; path = main.m; sourceTree = "<group>"; };
		A60B9A6E1A76D80800C1C9CE /* AppDelegate.h */ = {isa = PBXFileReference; lastKnownFileType = sourcecode.c.h; path = AppDelegate.h; sourceTree = "<group>"; };
		A60B9A6F1A76D80800C1C9CE /* AppDelegate.m */ = {isa = PBXFileReference; lastKnownFileType = sourcecode.c.objc; path = AppDelegate.m; sourceTree = "<group>"; };
		A60B9A771A76D80800C1C9CE /* Images.xcassets */ = {isa = PBXFileReference; lastKnownFileType = folder.assetcatalog; path = Images.xcassets; sourceTree = "<group>"; };
		A60B9A801A76D80800C1C9CE /* MCKillSwitchExampleTests.xctest */ = {isa = PBXFileReference; explicitFileType = wrapper.cfbundle; includeInIndex = 0; path = MCKillSwitchExampleTests.xctest; sourceTree = BUILT_PRODUCTS_DIR; };
		A60B9A911A76D95800C1C9CE /* MCKillSwitchExampleRootView.h */ = {isa = PBXFileReference; fileEncoding = 4; lastKnownFileType = sourcecode.c.h; path = MCKillSwitchExampleRootView.h; sourceTree = "<group>"; };
		A60B9A921A76D95800C1C9CE /* MCKillSwitchExampleRootView.m */ = {isa = PBXFileReference; fileEncoding = 4; lastKnownFileType = sourcecode.c.objc; path = MCKillSwitchExampleRootView.m; sourceTree = "<group>"; };
		A60B9A931A76D95800C1C9CE /* MCKillSwitchExampleRootViewController.h */ = {isa = PBXFileReference; fileEncoding = 4; lastKnownFileType = sourcecode.c.h; path = MCKillSwitchExampleRootViewController.h; sourceTree = "<group>"; };
		A60B9A941A76D95800C1C9CE /* MCKillSwitchExampleRootViewController.m */ = {isa = PBXFileReference; fileEncoding = 4; lastKnownFileType = sourcecode.c.objc; path = MCKillSwitchExampleRootViewController.m; sourceTree = "<group>"; };
		A60B9A951A76D95800C1C9CE /* MCMockKillSwitchAPIAlert.h */ = {isa = PBXFileReference; fileEncoding = 4; lastKnownFileType = sourcecode.c.h; path = MCMockKillSwitchAPIAlert.h; sourceTree = "<group>"; };
		A60B9A961A76D95800C1C9CE /* MCMockKillSwitchAPIAlert.m */ = {isa = PBXFileReference; fileEncoding = 4; lastKnownFileType = sourcecode.c.objc; path = MCMockKillSwitchAPIAlert.m; sourceTree = "<group>"; };
		A60B9A971A76D95800C1C9CE /* MCMockKillSwitchAPIDisk.h */ = {isa = PBXFileReference; fileEncoding = 4; lastKnownFileType = sourcecode.c.h; path = MCMockKillSwitchAPIDisk.h; sourceTree = "<group>"; };
		A60B9A981A76D95800C1C9CE /* MCMockKillSwitchAPIDisk.m */ = {isa = PBXFileReference; fileEncoding = 4; lastKnownFileType = sourcecode.c.objc; path = MCMockKillSwitchAPIDisk.m; sourceTree = "<group>"; };
		A60B9A991A76D95800C1C9CE /* MCMockKillSwitchAPIKill.h */ = {isa = PBXFileReference; fileEncoding = 4; lastKnownFileType = sourcecode.c.h; path = MCMockKillSwitchAPIKill.h; sourceTree = "<group>"; };
		A60B9A9A1A76D95800C1C9CE /* MCMockKillSwitchAPIKill.m */ = {isa = PBXFileReference; fileEncoding = 4; lastKnownFileType = sourcecode.c.objc; path = MCMockKillSwitchAPIKill.m; sourceTree = "<group>"; };
		A60B9A9B1A76D95800C1C9CE /* MCMockKillSwitchAPINoInternet.h */ = {isa = PBXFileReference; fileEncoding = 4; lastKnownFileType = sourcecode.c.h; path = MCMockKillSwitchAPINoInternet.h; sourceTree = "<group>"; };
		A60B9A9C1A76D95800C1C9CE /* MCMockKillSwitchAPINoInternet.m */ = {isa = PBXFileReference; fileEncoding = 4; lastKnownFileType = sourcecode.c.objc; path = MCMockKillSwitchAPINoInternet.m; sourceTree = "<group>"; };
		A60B9A9D1A76D95800C1C9CE /* MCMockKillSwitchAPIOK.h */ = {isa = PBXFileReference; fileEncoding = 4; lastKnownFileType = sourcecode.c.h; path = MCMockKillSwitchAPIOK.h; sourceTree = "<group>"; };
		A60B9A9E1A76D95800C1C9CE /* MCMockKillSwitchAPIOK.m */ = {isa = PBXFileReference; fileEncoding = 4; lastKnownFileType = sourcecode.c.objc; path = MCMockKillSwitchAPIOK.m; sourceTree = "<group>"; };
		A60B9AA01A76D95800C1C9CE /* 1.0.0.json */ = {isa = PBXFileReference; fileEncoding = 4; lastKnownFileType = text.json; path = 1.0.0.json; sourceTree = "<group>"; };
		A60B9AA11A76D95800C1C9CE /* action_alert.json */ = {isa = PBXFileReference; fileEncoding = 4; lastKnownFileType = text.json; path = action_alert.json; sourceTree = "<group>"; };
		A60B9AA21A76D95800C1C9CE /* action_kill.json */ = {isa = PBXFileReference; fileEncoding = 4; lastKnownFileType = text.json; path = action_kill.json; sourceTree = "<group>"; };
		A60B9AA31A76D95800C1C9CE /* action_ok.json */ = {isa = PBXFileReference; fileEncoding = 4; lastKnownFileType = text.json; path = action_ok.json; sourceTree = "<group>"; };
		A60B9AB81A76DB1A00C1C9CE /* Default-568h@2x.png */ = {isa = PBXFileReference; lastKnownFileType = image.png; path = "Default-568h@2x.png"; sourceTree = "<group>"; };
		A60B9ABE1A76DB8D00C1C9CE /* Localizable.strings */ = {isa = PBXFileReference; fileEncoding = 4; lastKnownFileType = text.plist.strings; path = Localizable.strings; sourceTree = "<group>"; };
		A60B9AC01A76DB9500C1C9CE /* Info.plist */ = {isa = PBXFileReference; fileEncoding = 4; lastKnownFileType = text.plist.xml; path = Info.plist; sourceTree = "<group>"; };
		A60B9AC21A76DBA000C1C9CE /* Info.plist */ = {isa = PBXFileReference; fileEncoding = 4; lastKnownFileType = text.plist.xml; path = Info.plist; sourceTree = "<group>"; };
		A60B9AC41A76DCB700C1C9CE /* MCKillSwitchExampleTests.m */ = {isa = PBXFileReference; fileEncoding = 4; lastKnownFileType = sourcecode.c.objc; path = MCKillSwitchExampleTests.m; sourceTree = "<group>"; };
		CA957D9594E3E18F1D283633 /* libPods-MCKillSwitchExampleTests.a */ = {isa = PBXFileReference; explicitFileType = archive.ar; includeInIndex = 0; path = "libPods-MCKillSwitchExampleTests.a"; sourceTree = BUILT_PRODUCTS_DIR; };
		D603C506C6BE3E29813F86E8 /* libPods-MCKillSwitchExample.a */ = {isa = PBXFileReference; explicitFileType = archive.ar; includeInIndex = 0; path = "libPods-MCKillSwitchExample.a"; sourceTree = BUILT_PRODUCTS_DIR; };
		D60E1FD56B538A214D31DB3D /* Pods-MCKillSwitchExample.debug.xcconfig */ = {isa = PBXFileReference; includeInIndex = 1; lastKnownFileType = text.xcconfig; name = "Pods-MCKillSwitchExample.debug.xcconfig"; path = "Pods/Target Support Files/Pods-MCKillSwitchExample/Pods-MCKillSwitchExample.debug.xcconfig"; sourceTree = "<group>"; };
		E33BD05399CA25FD1041485A /* Pods-MCKillSwitchExample.release.xcconfig */ = {isa = PBXFileReference; includeInIndex = 1; lastKnownFileType = text.xcconfig; name = "Pods-MCKillSwitchExample.release.xcconfig"; path = "Pods/Target Support Files/Pods-MCKillSwitchExample/Pods-MCKillSwitchExample.release.xcconfig"; sourceTree = "<group>"; };
/* End PBXFileReference section */

/* Begin PBXFrameworksBuildPhase section */
		A60B9A641A76D80800C1C9CE /* Frameworks */ = {
			isa = PBXFrameworksBuildPhase;
			buildActionMask = 2147483647;
			files = (
				E7053704D8D1FB5D830D525D /* libPods-MCKillSwitchExample.a in Frameworks */,
				96D92E8961446CE150F9DA10 /* libPods.a in Frameworks */,
			);
			runOnlyForDeploymentPostprocessing = 0;
		};
		A60B9A7D1A76D80800C1C9CE /* Frameworks */ = {
			isa = PBXFrameworksBuildPhase;
			buildActionMask = 2147483647;
			files = (
				60D37B7B3D025D952318957B /* libPods-MCKillSwitchExampleTests.a in Frameworks */,
			);
			runOnlyForDeploymentPostprocessing = 0;
		};
/* End PBXFrameworksBuildPhase section */

/* Begin PBXGroup section */
		61740FD4155E8DE03E6ACE29 /* Pods */ = {
			isa = PBXGroup;
			children = (
				D60E1FD56B538A214D31DB3D /* Pods-MCKillSwitchExample.debug.xcconfig */,
				E33BD05399CA25FD1041485A /* Pods-MCKillSwitchExample.release.xcconfig */,
				9C6494224CFEF9637ED575FF /* Pods-MCKillSwitchExampleTests.debug.xcconfig */,
				41D882C9EFFD6970B33984A2 /* Pods-MCKillSwitchExampleTests.release.xcconfig */,
			);
			name = Pods;
			sourceTree = "<group>";
		};
		A60B9A5E1A76D80800C1C9CE = {
			isa = PBXGroup;
			children = (
				A60B9AB81A76DB1A00C1C9CE /* Default-568h@2x.png */,
				A60B9A691A76D80800C1C9CE /* MCKillSwitchExample */,
				A60B9A831A76D80800C1C9CE /* MCKillSwitchExampleTests */,
				FD9BDAC1AE4C577EB4E94DB4 /* Frameworks */,
				A60B9A681A76D80800C1C9CE /* Products */,
				61740FD4155E8DE03E6ACE29 /* Pods */,
			);
			sourceTree = "<group>";
		};
		A60B9A681A76D80800C1C9CE /* Products */ = {
			isa = PBXGroup;
			children = (
				A60B9A671A76D80800C1C9CE /* MCKillSwitchExample.app */,
				A60B9A801A76D80800C1C9CE /* MCKillSwitchExampleTests.xctest */,
			);
			name = Products;
			sourceTree = "<group>";
		};
		A60B9A691A76D80800C1C9CE /* MCKillSwitchExample */ = {
			isa = PBXGroup;
			children = (
				A60B9A6E1A76D80800C1C9CE /* AppDelegate.h */,
				A60B9A6F1A76D80800C1C9CE /* AppDelegate.m */,
				A60B9A771A76D80800C1C9CE /* Images.xcassets */,
				A60B9A901A76D95800C1C9CE /* Classes */,
				A60B9A9F1A76D95800C1C9CE /* Resources */,
				A60B9A6A1A76D80800C1C9CE /* Supporting Files */,
			);
			path = MCKillSwitchExample;
			sourceTree = "<group>";
		};
		A60B9A6A1A76D80800C1C9CE /* Supporting Files */ = {
			isa = PBXGroup;
			children = (
				A60B9AC01A76DB9500C1C9CE /* Info.plist */,
				A60B9A6C1A76D80800C1C9CE /* main.m */,
			);
			name = "Supporting Files";
			sourceTree = "<group>";
		};
		A60B9A831A76D80800C1C9CE /* MCKillSwitchExampleTests */ = {
			isa = PBXGroup;
			children = (
				A60B9AC41A76DCB700C1C9CE /* MCKillSwitchExampleTests.m */,
				A60B9A841A76D80800C1C9CE /* Supporting Files */,
			);
			path = MCKillSwitchExampleTests;
			sourceTree = "<group>";
		};
		A60B9A841A76D80800C1C9CE /* Supporting Files */ = {
			isa = PBXGroup;
			children = (
				A60B9AC21A76DBA000C1C9CE /* Info.plist */,
			);
			name = "Supporting Files";
			sourceTree = "<group>";
		};
		A60B9A901A76D95800C1C9CE /* Classes */ = {
			isa = PBXGroup;
			children = (
				A60B9A911A76D95800C1C9CE /* MCKillSwitchExampleRootView.h */,
				A60B9A921A76D95800C1C9CE /* MCKillSwitchExampleRootView.m */,
				A60B9A931A76D95800C1C9CE /* MCKillSwitchExampleRootViewController.h */,
				A60B9A941A76D95800C1C9CE /* MCKillSwitchExampleRootViewController.m */,
				A60B9A951A76D95800C1C9CE /* MCMockKillSwitchAPIAlert.h */,
				A60B9A961A76D95800C1C9CE /* MCMockKillSwitchAPIAlert.m */,
				A60B9A971A76D95800C1C9CE /* MCMockKillSwitchAPIDisk.h */,
				A60B9A981A76D95800C1C9CE /* MCMockKillSwitchAPIDisk.m */,
				A60B9A991A76D95800C1C9CE /* MCMockKillSwitchAPIKill.h */,
				A60B9A9A1A76D95800C1C9CE /* MCMockKillSwitchAPIKill.m */,
				A60B9A9B1A76D95800C1C9CE /* MCMockKillSwitchAPINoInternet.h */,
				A60B9A9C1A76D95800C1C9CE /* MCMockKillSwitchAPINoInternet.m */,
				A60B9A9D1A76D95800C1C9CE /* MCMockKillSwitchAPIOK.h */,
				A60B9A9E1A76D95800C1C9CE /* MCMockKillSwitchAPIOK.m */,
			);
			path = Classes;
			sourceTree = "<group>";
		};
		A60B9A9F1A76D95800C1C9CE /* Resources */ = {
			isa = PBXGroup;
			children = (
				A60B9AA01A76D95800C1C9CE /* 1.0.0.json */,
				A60B9AA11A76D95800C1C9CE /* action_alert.json */,
				A60B9AA21A76D95800C1C9CE /* action_kill.json */,
				A60B9AA31A76D95800C1C9CE /* action_ok.json */,
				A60B9ABE1A76DB8D00C1C9CE /* Localizable.strings */,
			);
			path = Resources;
			sourceTree = "<group>";
		};
		FD9BDAC1AE4C577EB4E94DB4 /* Frameworks */ = {
			isa = PBXGroup;
			children = (
				D603C506C6BE3E29813F86E8 /* libPods-MCKillSwitchExample.a */,
				88A736F8BCEA99C1EEE64DDD /* libPods.a */,
				CA957D9594E3E18F1D283633 /* libPods-MCKillSwitchExampleTests.a */,
			);
			name = Frameworks;
			sourceTree = "<group>";
		};
/* End PBXGroup section */

/* Begin PBXNativeTarget section */
		A60B9A661A76D80800C1C9CE /* MCKillSwitchExample */ = {
			isa = PBXNativeTarget;
			buildConfigurationList = A60B9A8A1A76D80800C1C9CE /* Build configuration list for PBXNativeTarget "MCKillSwitchExample" */;
			buildPhases = (
				DAADB7BC9F08D79C5B985ED8 /* Check Pods Manifest.lock */,
				A60B9A631A76D80800C1C9CE /* Sources */,
				A60B9A641A76D80800C1C9CE /* Frameworks */,
				A60B9A651A76D80800C1C9CE /* Resources */,
				7C1FE9F4FFF07A2168E8D5C4 /* Copy Pods Resources */,
			);
			buildRules = (
			);
			dependencies = (
			);
			name = MCKillSwitchExample;
			productName = MCKillSwitchExample;
			productReference = A60B9A671A76D80800C1C9CE /* MCKillSwitchExample.app */;
			productType = "com.apple.product-type.application";
		};
		A60B9A7F1A76D80800C1C9CE /* MCKillSwitchExampleTests */ = {
			isa = PBXNativeTarget;
			buildConfigurationList = A60B9A8D1A76D80800C1C9CE /* Build configuration list for PBXNativeTarget "MCKillSwitchExampleTests" */;
			buildPhases = (
				24DCED57F7CD5DF87F4104D7 /* Check Pods Manifest.lock */,
				A60B9A7C1A76D80800C1C9CE /* Sources */,
				A60B9A7D1A76D80800C1C9CE /* Frameworks */,
				A60B9A7E1A76D80800C1C9CE /* Resources */,
				C880FE1DA6980AE4B5A1EF54 /* Copy Pods Resources */,
			);
			buildRules = (
			);
			dependencies = (
				A60B9A821A76D80800C1C9CE /* PBXTargetDependency */,
			);
			name = MCKillSwitchExampleTests;
			productName = MCKillSwitchExampleTests;
			productReference = A60B9A801A76D80800C1C9CE /* MCKillSwitchExampleTests.xctest */;
			productType = "com.apple.product-type.bundle.unit-test";
		};
/* End PBXNativeTarget section */

/* Begin PBXProject section */
		A60B9A5F1A76D80800C1C9CE /* Project object */ = {
			isa = PBXProject;
			attributes = {
				CLASSPREFIX = MC;
				LastUpgradeCheck = 0610;
				ORGANIZATIONNAME = "Mirego Inc.";
				TargetAttributes = {
					A60B9A661A76D80800C1C9CE = {
						CreatedOnToolsVersion = 6.1.1;
					};
					A60B9A7F1A76D80800C1C9CE = {
						CreatedOnToolsVersion = 6.1.1;
						TestTargetID = A60B9A661A76D80800C1C9CE;
					};
				};
			};
			buildConfigurationList = A60B9A621A76D80800C1C9CE /* Build configuration list for PBXProject "MCKillSwitchExample" */;
			compatibilityVersion = "Xcode 3.2";
			developmentRegion = English;
			hasScannedForEncodings = 0;
			knownRegions = (
				en,
				Base,
			);
			mainGroup = A60B9A5E1A76D80800C1C9CE;
			productRefGroup = A60B9A681A76D80800C1C9CE /* Products */;
			projectDirPath = "";
			projectRoot = "";
			targets = (
				A60B9A661A76D80800C1C9CE /* MCKillSwitchExample */,
				A60B9A7F1A76D80800C1C9CE /* MCKillSwitchExampleTests */,
			);
		};
/* End PBXProject section */

/* Begin PBXResourcesBuildPhase section */
		A60B9A651A76D80800C1C9CE /* Resources */ = {
			isa = PBXResourcesBuildPhase;
			buildActionMask = 2147483647;
			files = (
				A60B9A781A76D80800C1C9CE /* Images.xcassets in Resources */,
				A60B9AAE1A76D95800C1C9CE /* action_kill.json in Resources */,
				A60B9AAD1A76D95800C1C9CE /* action_alert.json in Resources */,
				A60B9ABF1A76DB8D00C1C9CE /* Localizable.strings in Resources */,
				A60B9AAF1A76D95800C1C9CE /* action_ok.json in Resources */,
				A60B9AB91A76DB1A00C1C9CE /* Default-568h@2x.png in Resources */,
				A60B9AAC1A76D95800C1C9CE /* 1.0.0.json in Resources */,
			);
			runOnlyForDeploymentPostprocessing = 0;
		};
		A60B9A7E1A76D80800C1C9CE /* Resources */ = {
			isa = PBXResourcesBuildPhase;
			buildActionMask = 2147483647;
			files = (
			);
			runOnlyForDeploymentPostprocessing = 0;
		};
/* End PBXResourcesBuildPhase section */

/* Begin PBXShellScriptBuildPhase section */
		24DCED57F7CD5DF87F4104D7 /* Check Pods Manifest.lock */ = {
			isa = PBXShellScriptBuildPhase;
			buildActionMask = 2147483647;
			files = (
			);
			inputPaths = (
			);
			name = "Check Pods Manifest.lock";
			outputPaths = (
			);
			runOnlyForDeploymentPostprocessing = 0;
			shellPath = /bin/sh;
			shellScript = "diff \"${PODS_ROOT}/../Podfile.lock\" \"${PODS_ROOT}/Manifest.lock\" > /dev/null\nif [[ $? != 0 ]] ; then\n    cat << EOM\nerror: The sandbox is not in sync with the Podfile.lock. Run 'pod install' or update your CocoaPods installation.\nEOM\n    exit 1\nfi\n";
			showEnvVarsInLog = 0;
		};
		7C1FE9F4FFF07A2168E8D5C4 /* Copy Pods Resources */ = {
			isa = PBXShellScriptBuildPhase;
			buildActionMask = 2147483647;
			files = (
			);
			inputPaths = (
			);
			name = "Copy Pods Resources";
			outputPaths = (
			);
			runOnlyForDeploymentPostprocessing = 0;
			shellPath = /bin/sh;
			shellScript = "\"${SRCROOT}/Pods/Target Support Files/Pods-MCKillSwitchExample/Pods-MCKillSwitchExample-resources.sh\"\n";
			showEnvVarsInLog = 0;
		};
		C880FE1DA6980AE4B5A1EF54 /* Copy Pods Resources */ = {
			isa = PBXShellScriptBuildPhase;
			buildActionMask = 2147483647;
			files = (
			);
			inputPaths = (
			);
			name = "Copy Pods Resources";
			outputPaths = (
			);
			runOnlyForDeploymentPostprocessing = 0;
			shellPath = /bin/sh;
			shellScript = "\"${SRCROOT}/Pods/Target Support Files/Pods-MCKillSwitchExampleTests/Pods-MCKillSwitchExampleTests-resources.sh\"\n";
			showEnvVarsInLog = 0;
		};
		DAADB7BC9F08D79C5B985ED8 /* Check Pods Manifest.lock */ = {
			isa = PBXShellScriptBuildPhase;
			buildActionMask = 2147483647;
			files = (
			);
			inputPaths = (
			);
			name = "Check Pods Manifest.lock";
			outputPaths = (
			);
			runOnlyForDeploymentPostprocessing = 0;
			shellPath = /bin/sh;
			shellScript = "diff \"${PODS_ROOT}/../Podfile.lock\" \"${PODS_ROOT}/Manifest.lock\" > /dev/null\nif [[ $? != 0 ]] ; then\n    cat << EOM\nerror: The sandbox is not in sync with the Podfile.lock. Run 'pod install' or update your CocoaPods installation.\nEOM\n    exit 1\nfi\n";
			showEnvVarsInLog = 0;
		};
/* End PBXShellScriptBuildPhase section */

/* Begin PBXSourcesBuildPhase section */
		A60B9A631A76D80800C1C9CE /* Sources */ = {
			isa = PBXSourcesBuildPhase;
			buildActionMask = 2147483647;
			files = (
				A60B9A701A76D80800C1C9CE /* AppDelegate.m in Sources */,
				A60B9AA91A76D95800C1C9CE /* MCMockKillSwitchAPIKill.m in Sources */,
				A60B9AAA1A76D95800C1C9CE /* MCMockKillSwitchAPINoInternet.m in Sources */,
				A60B9AA81A76D95800C1C9CE /* MCMockKillSwitchAPIDisk.m in Sources */,
				A60B9A6D1A76D80800C1C9CE /* main.m in Sources */,
				A60B9AAB1A76D95800C1C9CE /* MCMockKillSwitchAPIOK.m in Sources */,
				A60B9AA51A76D95800C1C9CE /* MCKillSwitchExampleRootView.m in Sources */,
				A60B9AA61A76D95800C1C9CE /* MCKillSwitchExampleRootViewController.m in Sources */,
				A60B9AA71A76D95800C1C9CE /* MCMockKillSwitchAPIAlert.m in Sources */,
			);
			runOnlyForDeploymentPostprocessing = 0;
		};
		A60B9A7C1A76D80800C1C9CE /* Sources */ = {
			isa = PBXSourcesBuildPhase;
			buildActionMask = 2147483647;
			files = (
				A60B9AC51A76DCB700C1C9CE /* MCKillSwitchExampleTests.m in Sources */,
			);
			runOnlyForDeploymentPostprocessing = 0;
		};
/* End PBXSourcesBuildPhase section */

/* Begin PBXTargetDependency section */
		A60B9A821A76D80800C1C9CE /* PBXTargetDependency */ = {
			isa = PBXTargetDependency;
			target = A60B9A661A76D80800C1C9CE /* MCKillSwitchExample */;
			targetProxy = A60B9A811A76D80800C1C9CE /* PBXContainerItemProxy */;
		};
/* End PBXTargetDependency section */

/* Begin XCBuildConfiguration section */
		A60B9A881A76D80800C1C9CE /* Debug */ = {
			isa = XCBuildConfiguration;
			buildSettings = {
				ALWAYS_SEARCH_USER_PATHS = NO;
				CLANG_CXX_LANGUAGE_STANDARD = "gnu++0x";
				CLANG_CXX_LIBRARY = "libc++";
				CLANG_ENABLE_MODULES = YES;
				CLANG_ENABLE_OBJC_ARC = YES;
				CLANG_WARN_BOOL_CONVERSION = YES;
				CLANG_WARN_CONSTANT_CONVERSION = YES;
				CLANG_WARN_DIRECT_OBJC_ISA_USAGE = YES_ERROR;
				CLANG_WARN_EMPTY_BODY = YES;
				CLANG_WARN_ENUM_CONVERSION = YES;
				CLANG_WARN_INT_CONVERSION = YES;
				CLANG_WARN_OBJC_ROOT_CLASS = YES_ERROR;
				CLANG_WARN_UNREACHABLE_CODE = YES;
				CLANG_WARN__DUPLICATE_METHOD_MATCH = YES;
				"CODE_SIGN_IDENTITY[sdk=iphoneos*]" = "iPhone Developer";
				COPY_PHASE_STRIP = NO;
				ENABLE_STRICT_OBJC_MSGSEND = YES;
				GCC_C_LANGUAGE_STANDARD = gnu99;
				GCC_DYNAMIC_NO_PIC = NO;
				GCC_OPTIMIZATION_LEVEL = 0;
				GCC_PREPROCESSOR_DEFINITIONS = (
					"DEBUG=1",
					"$(inherited)",
				);
				GCC_SYMBOLS_PRIVATE_EXTERN = NO;
				GCC_WARN_64_TO_32_BIT_CONVERSION = YES;
				GCC_WARN_ABOUT_RETURN_TYPE = YES_ERROR;
				GCC_WARN_UNDECLARED_SELECTOR = YES;
				GCC_WARN_UNINITIALIZED_AUTOS = YES_AGGRESSIVE;
				GCC_WARN_UNUSED_FUNCTION = YES;
				GCC_WARN_UNUSED_VARIABLE = YES;
				IPHONEOS_DEPLOYMENT_TARGET = 8.1;
				MTL_ENABLE_DEBUG_INFO = YES;
				ONLY_ACTIVE_ARCH = YES;
				SDKROOT = iphoneos;
				TARGETED_DEVICE_FAMILY = "1,2";
			};
			name = Debug;
		};
		A60B9A891A76D80800C1C9CE /* Release */ = {
			isa = XCBuildConfiguration;
			buildSettings = {
				ALWAYS_SEARCH_USER_PATHS = NO;
				CLANG_CXX_LANGUAGE_STANDARD = "gnu++0x";
				CLANG_CXX_LIBRARY = "libc++";
				CLANG_ENABLE_MODULES = YES;
				CLANG_ENABLE_OBJC_ARC = YES;
				CLANG_WARN_BOOL_CONVERSION = YES;
				CLANG_WARN_CONSTANT_CONVERSION = YES;
				CLANG_WARN_DIRECT_OBJC_ISA_USAGE = YES_ERROR;
				CLANG_WARN_EMPTY_BODY = YES;
				CLANG_WARN_ENUM_CONVERSION = YES;
				CLANG_WARN_INT_CONVERSION = YES;
				CLANG_WARN_OBJC_ROOT_CLASS = YES_ERROR;
				CLANG_WARN_UNREACHABLE_CODE = YES;
				CLANG_WARN__DUPLICATE_METHOD_MATCH = YES;
				"CODE_SIGN_IDENTITY[sdk=iphoneos*]" = "iPhone Developer";
				COPY_PHASE_STRIP = YES;
				ENABLE_NS_ASSERTIONS = NO;
				ENABLE_STRICT_OBJC_MSGSEND = YES;
				GCC_C_LANGUAGE_STANDARD = gnu99;
				GCC_WARN_64_TO_32_BIT_CONVERSION = YES;
				GCC_WARN_ABOUT_RETURN_TYPE = YES_ERROR;
				GCC_WARN_UNDECLARED_SELECTOR = YES;
				GCC_WARN_UNINITIALIZED_AUTOS = YES_AGGRESSIVE;
				GCC_WARN_UNUSED_FUNCTION = YES;
				GCC_WARN_UNUSED_VARIABLE = YES;
				IPHONEOS_DEPLOYMENT_TARGET = 8.1;
				MTL_ENABLE_DEBUG_INFO = NO;
				SDKROOT = iphoneos;
				TARGETED_DEVICE_FAMILY = "1,2";
				VALIDATE_PRODUCT = YES;
			};
			name = Release;
		};
		A60B9A8B1A76D80800C1C9CE /* Debug */ = {
			isa = XCBuildConfiguration;
			baseConfigurationReference = D60E1FD56B538A214D31DB3D /* Pods-MCKillSwitchExample.debug.xcconfig */;
			buildSettings = {
				ASSETCATALOG_COMPILER_APPICON_NAME = AppIcon;
				INFOPLIST_FILE = MCKillSwitchExample/Info.plist;
				LD_RUNPATH_SEARCH_PATHS = "$(inherited) @executable_path/Frameworks";
				PRODUCT_NAME = "$(TARGET_NAME)";
			};
			name = Debug;
		};
		A60B9A8C1A76D80800C1C9CE /* Release */ = {
			isa = XCBuildConfiguration;
			baseConfigurationReference = E33BD05399CA25FD1041485A /* Pods-MCKillSwitchExample.release.xcconfig */;
			buildSettings = {
				ASSETCATALOG_COMPILER_APPICON_NAME = AppIcon;
				INFOPLIST_FILE = MCKillSwitchExample/Info.plist;
				LD_RUNPATH_SEARCH_PATHS = "$(inherited) @executable_path/Frameworks";
				PRODUCT_NAME = "$(TARGET_NAME)";
			};
			name = Release;
		};
		A60B9A8E1A76D80800C1C9CE /* Debug */ = {
			isa = XCBuildConfiguration;
			baseConfigurationReference = 9C6494224CFEF9637ED575FF /* Pods-MCKillSwitchExampleTests.debug.xcconfig */;
			buildSettings = {
				BUNDLE_LOADER = "$(TEST_HOST)";
				FRAMEWORK_SEARCH_PATHS = (
					"$(SDKROOT)/Developer/Library/Frameworks",
					"$(inherited)",
				);
				GCC_PREPROCESSOR_DEFINITIONS = (
					"DEBUG=1",
					"$(inherited)",
				);
				INFOPLIST_FILE = MCKillSwitchExampleTests/Info.plist;
				LD_RUNPATH_SEARCH_PATHS = "$(inherited) @executable_path/Frameworks @loader_path/Frameworks";
				PRODUCT_NAME = "$(TARGET_NAME)";
				TEST_HOST = "$(BUILT_PRODUCTS_DIR)/MCKillSwitchExample.app/MCKillSwitchExample";
			};
			name = Debug;
		};
		A60B9A8F1A76D80800C1C9CE /* Release */ = {
			isa = XCBuildConfiguration;
			baseConfigurationReference = 41D882C9EFFD6970B33984A2 /* Pods-MCKillSwitchExampleTests.release.xcconfig */;
			buildSettings = {
				BUNDLE_LOADER = "$(TEST_HOST)";
				FRAMEWORK_SEARCH_PATHS = (
					"$(SDKROOT)/Developer/Library/Frameworks",
					"$(inherited)",
				);
				INFOPLIST_FILE = MCKillSwitchExampleTests/Info.plist;
				LD_RUNPATH_SEARCH_PATHS = "$(inherited) @executable_path/Frameworks @loader_path/Frameworks";
				PRODUCT_NAME = "$(TARGET_NAME)";
				TEST_HOST = "$(BUILT_PRODUCTS_DIR)/MCKillSwitchExample.app/MCKillSwitchExample";
			};
			name = Release;
		};
/* End XCBuildConfiguration section */

/* Begin XCConfigurationList section */
		A60B9A621A76D80800C1C9CE /* Build configuration list for PBXProject "MCKillSwitchExample" */ = {
			isa = XCConfigurationList;
			buildConfigurations = (
				A60B9A881A76D80800C1C9CE /* Debug */,
				A60B9A891A76D80800C1C9CE /* Release */,
			);
			defaultConfigurationIsVisible = 0;
			defaultConfigurationName = Release;
		};
		A60B9A8A1A76D80800C1C9CE /* Build configuration list for PBXNativeTarget "MCKillSwitchExample" */ = {
			isa = XCConfigurationList;
			buildConfigurations = (
				A60B9A8B1A76D80800C1C9CE /* Debug */,
				A60B9A8C1A76D80800C1C9CE /* Release */,
			);
			defaultConfigurationIsVisible = 0;
			defaultConfigurationName = Release;
		};
		A60B9A8D1A76D80800C1C9CE /* Build configuration list for PBXNativeTarget "MCKillSwitchExampleTests" */ = {
			isa = XCConfigurationList;
			buildConfigurations = (
				A60B9A8E1A76D80800C1C9CE /* Debug */,
				A60B9A8F1A76D80800C1C9CE /* Release */,
			);
			defaultConfigurationIsVisible = 0;
			defaultConfigurationName = Release;
		};
/* End XCConfigurationList section */
	};
	rootObject = A60B9A5F1A76D80800C1C9CE /* Project object */;
}
